
Microsoft Visual Studio Solution File, Format Version 12.00
# Visual Studio Version 17
VisualStudioVersion = 17.8.34525.116
MinimumVisualStudioVersion = 10.0.40219.1
Project("{FAE04EC0-301F-11D3-BF4B-00C04F79EFBC}") = "ThreadsafeFileAccess", "ThreadsafeFileAccess\ThreadsafeFileAccess.csproj", "{4D6D6B05-C15D-4FD9-A18C-A06FB3C2556D}"
EndProject
Global
	GlobalSection(SolutionConfigurationPlatforms) = preSolution
		Debug|Any CPU = Debug|Any CPU
		Release|Any CPU = Release|Any CPU
	EndGlobalSection
	GlobalSection(ProjectConfigurationPlatforms) = postSolution
		{4D6D6B05-C15D-4FD9-A18C-A06FB3C2556D}.Debug|Any CPU.ActiveCfg = Debug|Any CPU
		{4D6D6B05-C15D-4FD9-A18C-A06FB3C2556D}.Debug|Any CPU.Build.0 = Debug|Any CPU
		{4D6D6B05-C15D-4FD9-A18C-A06FB3C2556D}.Release|Any CPU.ActiveCfg = Release|Any CPU
		{4D6D6B05-C15D-4FD9-A18C-A06FB3C2556D}.Release|Any CPU.Build.0 = Release|Any CPU
	EndGlobalSection
	GlobalSection(SolutionProperties) = preSolution
		HideSolutionNode = FALSE
	EndGlobalSection
	GlobalSection(ExtensibilityGlobals) = postSolution
		SolutionGuid = {3CB3AE64-BF2B-42E0-83D7-807539A537A6}
	EndGlobalSection
EndGlobal
